{
  "name": "@importok/javascript-example",
  "version": "1.0.0",
  "lockfileVersion": 2,
  "requires": true,
  "packages": {
    "": {
      "name": "@importok/javascript-example",
      "version": "1.0.0",
      "license": "ISC",
      "dependencies": {
        "@importok/javascript": "^0.8"
      }
    },
    "node_modules/@importok/javascript": {
      "version": "0.8.0",
      "resolved": "https://registry.npmjs.org/@importok/javascript/-/javascript-0.8.0.tgz",
      "integrity": "sha512-/TmIGmLsZeGACu69SWDTLqr42/IeNhx0xg96T/QvhH9I/Uvc8bm53qjSE10xyGXm7dxqQaS/bVc+ImDUQKHbng=="
    }
  },
  "dependencies": {
    "@importok/javascript": {
      "version": "0.8.0",
      "resolved": "https://registry.npmjs.org/@importok/javascript/-/javascript-0.8.0.tgz",
      "integrity": "sha512-/TmIGmLsZeGACu69SWDTLqr42/IeNhx0xg96T/QvhH9I/Uvc8bm53qjSE10xyGXm7dxqQaS/bVc+ImDUQKHbng=="
    }
  }
}
